
Microsoft Visual Studio Solution File, Format Version 12.00
Project("{FAE04EC0-301F-11D3-BF4B-00C04F79EFBC}") = "WebApp", "WebApp\WebApp.csproj", "{8A54ECCD-4CF1-4AB0-A8FD-76A1724801D4}"
EndProject
Project("{2150E333-8FDC-42A3-9474-1A3956D46DE8}") = "Domain", "Domain", "{E6C4CCB5-BD15-46D1-893F-C5B77E92004C}"
EndProject
Project("{2150E333-8FDC-42A3-9474-1A3956D46DE8}") = "DAL", "DAL", "{343EB9EF-DD68-46D0-B81A-8E2511B1C2E2}"
EndProject
Project("{FAE04EC0-301F-11D3-BF4B-00C04F79EFBC}") = "Domain.App", "Domain.App\Domain.App.csproj", "{CD31B4DE-5DA8-4FE1-B66F-7F6846159C73}"
EndProject
Project("{FAE04EC0-301F-11D3-BF4B-00C04F79EFBC}") = "Domain.Base", "Domain.Base\Domain.Base.csproj", "{0BC58983-63F7-439F-97B1-6E8AE726734A}"
EndProject
Project("{FAE04EC0-301F-11D3-BF4B-00C04F79EFBC}") = "Contracts.Domain.Base", "Contracts.Domain.Base\Contracts.Domain.Base.csproj", "{638627FB-2C94-4F89-8ECD-C34524E37E48}"
EndProject
Project("{FAE04EC0-301F-11D3-BF4B-00C04F79EFBC}") = "DAL.App.EF", "DAL.App.EF\DAL.App.EF.csproj", "{9E2337C3-B56C-457A-9424-B810F100A946}"
EndProject
Project("{FAE04EC0-301F-11D3-BF4B-00C04F79EFBC}") = "DAL.App.DTO", "DAL.App.DTO\DAL.App.DTO.csproj", "{966915F1-B347-466E-B496-890EE66F6755}"
EndProject
Project("{2150E333-8FDC-42A3-9474-1A3956D46DE8}") = "_SolutionItems", "_SolutionItems", "{C388DD40-AD92-4B29-BDCD-CBC9F5CDF83F}"
ProjectSection(SolutionItems) = preProject
	.gitignore = .gitignore
	Directory.Build.props = Directory.Build.props
	README.md = README.md
EndProjectSection
EndProject
Project("{FAE04EC0-301F-11D3-BF4B-00C04F79EFBC}") = "Contracts.DAL.App", "Contracts.DAL.App\Contracts.DAL.App.csproj", "{99AFBC05-7B1C-4A71-9436-02BB199B8896}"
EndProject
Project("{FAE04EC0-301F-11D3-BF4B-00C04F79EFBC}") = "DAL.Base.EF", "DAL.Base.EF\DAL.Base.EF.csproj", "{4E31D961-7BD5-4F26-B58E-17DAF4E4904B}"
EndProject
Project("{FAE04EC0-301F-11D3-BF4B-00C04F79EFBC}") = "Contracts.DAL.Base", "Contracts.DAL.Base\Contracts.DAL.Base.csproj", "{70D16623-ADE6-4611-861E-DE979DCFD0C8}"
EndProject
Project("{FAE04EC0-301F-11D3-BF4B-00C04F79EFBC}") = "DAL.Base", "DAL.Base\DAL.Base.csproj", "{DCF905FA-8A12-4A99-89C9-DBFECFC27518}"
EndProject
Project("{2150E333-8FDC-42A3-9474-1A3956D46DE8}") = "DTO", "DTO", "{9DFA50F3-AD98-441E-B4D1-B5E9821252CE}"
EndProject
Project("{FAE04EC0-301F-11D3-BF4B-00C04F79EFBC}") = "PublicApi.DTO.v1", "PublicApi.DTO.v1\PublicApi.DTO.v1.csproj", "{1BCA0E64-18AE-4B25-8888-6D6416FF7D63}"
EndProject
Global
	GlobalSection(SolutionConfigurationPlatforms) = preSolution
		Debug|Any CPU = Debug|Any CPU
		Release|Any CPU = Release|Any CPU
	EndGlobalSection
	GlobalSection(ProjectConfigurationPlatforms) = postSolution
		{8A54ECCD-4CF1-4AB0-A8FD-76A1724801D4}.Debug|Any CPU.ActiveCfg = Debug|Any CPU
		{8A54ECCD-4CF1-4AB0-A8FD-76A1724801D4}.Debug|Any CPU.Build.0 = Debug|Any CPU
		{8A54ECCD-4CF1-4AB0-A8FD-76A1724801D4}.Release|Any CPU.ActiveCfg = Release|Any CPU
		{8A54ECCD-4CF1-4AB0-A8FD-76A1724801D4}.Release|Any CPU.Build.0 = Release|Any CPU
		{CD31B4DE-5DA8-4FE1-B66F-7F6846159C73}.Debug|Any CPU.ActiveCfg = Debug|Any CPU
		{CD31B4DE-5DA8-4FE1-B66F-7F6846159C73}.Debug|Any CPU.Build.0 = Debug|Any CPU
		{CD31B4DE-5DA8-4FE1-B66F-7F6846159C73}.Release|Any CPU.ActiveCfg = Release|Any CPU
		{CD31B4DE-5DA8-4FE1-B66F-7F6846159C73}.Release|Any CPU.Build.0 = Release|Any CPU
		{0BC58983-63F7-439F-97B1-6E8AE726734A}.Debug|Any CPU.ActiveCfg = Debug|Any CPU
		{0BC58983-63F7-439F-97B1-6E8AE726734A}.Debug|Any CPU.Build.0 = Debug|Any CPU
		{0BC58983-63F7-439F-97B1-6E8AE726734A}.Release|Any CPU.ActiveCfg = Release|Any CPU
		{0BC58983-63F7-439F-97B1-6E8AE726734A}.Release|Any CPU.Build.0 = Release|Any CPU
		{638627FB-2C94-4F89-8ECD-C34524E37E48}.Debug|Any CPU.ActiveCfg = Debug|Any CPU
		{638627FB-2C94-4F89-8ECD-C34524E37E48}.Debug|Any CPU.Build.0 = Debug|Any CPU
		{638627FB-2C94-4F89-8ECD-C34524E37E48}.Release|Any CPU.ActiveCfg = Release|Any CPU
		{638627FB-2C94-4F89-8ECD-C34524E37E48}.Release|Any CPU.Build.0 = Release|Any CPU
		{9E2337C3-B56C-457A-9424-B810F100A946}.Debug|Any CPU.ActiveCfg = Debug|Any CPU
		{9E2337C3-B56C-457A-9424-B810F100A946}.Debug|Any CPU.Build.0 = Debug|Any CPU
		{9E2337C3-B56C-457A-9424-B810F100A946}.Release|Any CPU.ActiveCfg = Release|Any CPU
		{9E2337C3-B56C-457A-9424-B810F100A946}.Release|Any CPU.Build.0 = Release|Any CPU
		{966915F1-B347-466E-B496-890EE66F6755}.Debug|Any CPU.ActiveCfg = Debug|Any CPU
		{966915F1-B347-466E-B496-890EE66F6755}.Debug|Any CPU.Build.0 = Debug|Any CPU
		{966915F1-B347-466E-B496-890EE66F6755}.Release|Any CPU.ActiveCfg = Release|Any CPU
		{966915F1-B347-466E-B496-890EE66F6755}.Release|Any CPU.Build.0 = Release|Any CPU
		{99AFBC05-7B1C-4A71-9436-02BB199B8896}.Debug|Any CPU.ActiveCfg = Debug|Any CPU
		{99AFBC05-7B1C-4A71-9436-02BB199B8896}.Debug|Any CPU.Build.0 = Debug|Any CPU
		{99AFBC05-7B1C-4A71-9436-02BB199B8896}.Release|Any CPU.ActiveCfg = Release|Any CPU
		{99AFBC05-7B1C-4A71-9436-02BB199B8896}.Release|Any CPU.Build.0 = Release|Any CPU
		{4E31D961-7BD5-4F26-B58E-17DAF4E4904B}.Debug|Any CPU.ActiveCfg = Debug|Any CPU
		{4E31D961-7BD5-4F26-B58E-17DAF4E4904B}.Debug|Any CPU.Build.0 = Debug|Any CPU
		{4E31D961-7BD5-4F26-B58E-17DAF4E4904B}.Release|Any CPU.ActiveCfg = Release|Any CPU
		{4E31D961-7BD5-4F26-B58E-17DAF4E4904B}.Release|Any CPU.Build.0 = Release|Any CPU
		{70D16623-ADE6-4611-861E-DE979DCFD0C8}.Debug|Any CPU.ActiveCfg = Debug|Any CPU
		{70D16623-ADE6-4611-861E-DE979DCFD0C8}.Debug|Any CPU.Build.0 = Debug|Any CPU
		{70D16623-ADE6-4611-861E-DE979DCFD0C8}.Release|Any CPU.ActiveCfg = Release|Any CPU
		{70D16623-ADE6-4611-861E-DE979DCFD0C8}.Release|Any CPU.Build.0 = Release|Any CPU
		{DCF905FA-8A12-4A99-89C9-DBFECFC27518}.Debug|Any CPU.ActiveCfg = Debug|Any CPU
		{DCF905FA-8A12-4A99-89C9-DBFECFC27518}.Debug|Any CPU.Build.0 = Debug|Any CPU
		{DCF905FA-8A12-4A99-89C9-DBFECFC27518}.Release|Any CPU.ActiveCfg = Release|Any CPU
		{DCF905FA-8A12-4A99-89C9-DBFECFC27518}.Release|Any CPU.Build.0 = Release|Any CPU
		{1BCA0E64-18AE-4B25-8888-6D6416FF7D63}.Debug|Any CPU.ActiveCfg = Debug|Any CPU
		{1BCA0E64-18AE-4B25-8888-6D6416FF7D63}.Debug|Any CPU.Build.0 = Debug|Any CPU
		{1BCA0E64-18AE-4B25-8888-6D6416FF7D63}.Release|Any CPU.ActiveCfg = Release|Any CPU
		{1BCA0E64-18AE-4B25-8888-6D6416FF7D63}.Release|Any CPU.Build.0 = Release|Any CPU
	EndGlobalSection
	GlobalSection(NestedProjects) = preSolution
		{CD31B4DE-5DA8-4FE1-B66F-7F6846159C73} = {E6C4CCB5-BD15-46D1-893F-C5B77E92004C}
		{0BC58983-63F7-439F-97B1-6E8AE726734A} = {E6C4CCB5-BD15-46D1-893F-C5B77E92004C}
		{638627FB-2C94-4F89-8ECD-C34524E37E48} = {E6C4CCB5-BD15-46D1-893F-C5B77E92004C}
		{9E2337C3-B56C-457A-9424-B810F100A946} = {343EB9EF-DD68-46D0-B81A-8E2511B1C2E2}
		{966915F1-B347-466E-B496-890EE66F6755} = {343EB9EF-DD68-46D0-B81A-8E2511B1C2E2}
		{99AFBC05-7B1C-4A71-9436-02BB199B8896} = {343EB9EF-DD68-46D0-B81A-8E2511B1C2E2}
		{4E31D961-7BD5-4F26-B58E-17DAF4E4904B} = {343EB9EF-DD68-46D0-B81A-8E2511B1C2E2}
		{70D16623-ADE6-4611-861E-DE979DCFD0C8} = {343EB9EF-DD68-46D0-B81A-8E2511B1C2E2}
		{DCF905FA-8A12-4A99-89C9-DBFECFC27518} = {343EB9EF-DD68-46D0-B81A-8E2511B1C2E2}
		{1BCA0E64-18AE-4B25-8888-6D6416FF7D63} = {9DFA50F3-AD98-441E-B4D1-B5E9821252CE}
	EndGlobalSection
EndGlobal
